{
    "_meta": {
        "hash": {
            "sha256": "b55b549c091e802888bce531bc2c7b45d9dc2e5b7f113def4288a6877b54ab0e"
        },
        "pipfile-spec": 6,
        "requires": {},
        "sources": [
            {
                "name": "pypi",
                "url": "https://pypi.python.org/simple",
                "verify_ssl": true
            }
        ]
    },
    "default": {
        "alembic": {
            "hashes": [
                "sha256:13b8611788acf0d7b617775db5c2ae26554a6d4263c590ef628d448fd05aef56"
            ],
            "version": "==0.9.8"
        },
        "banal": {
            "hashes": [
                "sha256:63d979b8b63458dd538f10aca4ea5292b94729f60a08ad6b41b8129a9a9f716a",
                "sha256:e74bba1d96ea17af109db973c5248c1706f992550c7ee09d1660dad8062121f7"
            ],
            "version": "==0.3.3"
        },
        "certifi": {
            "hashes": [
                "sha256:14131608ad2fd56836d33a71ee60fa1c82bc9d2c8d98b7bdbc631fe1b3cd1296",
                "sha256:edbc3f203427eef571f79a7692bb160a2b0f7ccaa31953e99bd17e307cf63f7d"
            ],
            "version": "==2018.1.18"
        },
        "chardet": {
            "hashes": [
                "sha256:84ab92ed1c4d4f16916e05906b6b75a6c0fb5db821cc65e70cbd64a3e2a5eaae",
                "sha256:fc323ffcaeaed0e0a02bf4d117757b98aed530d9ed4531e3e15460124c106691"
            ],
            "version": "==3.0.4"
        },
        "dataset": {
            "hashes": [
                "sha256:2622de9debb953f4a7f92e7f238d91242195f6218d1998d1541ef6ec7266b731",
                "sha256:a7d42312830a6977f2726ee900fe9c8d2f920f7d499a30afed6526a1e6c736c2"
            ],
            "version": "==1.0.6"
        },
        "future": {
            "hashes": [
                "sha256:e39ced1ab767b5936646cedba8bcce582398233d6a627067d4c6a454c90cfedb"
            ],
            "version": "==0.16.0"
        },
        "mako": {
            "hashes": [
                "sha256:4e02fde57bd4abb5ec400181e4c314f56ac3e49ba4fb8b0d50bba18cb27d25ae"
            ],
            "version": "==1.0.7"
        },
        "markupsafe": {
            "hashes": [
                "sha256:a6be69091dac236ea9c6bc7d012beab42010fa914c459791d627dad4910eb665"
            ],
            "version": "==1.0"
        },
        "normality": {
            "hashes": [
                "sha256:6520d6b1292244fd3200503dff27ccd9d34b2da88a7affced9ed6878acc6f51c",
                "sha256:e7643d351085e0311bfdb159c80ed8a1ea98b8ce484a3194e3a64ec372bd40c1"
            ],
            "version": "==0.5.11"
        },
        "python-dateutil": {
            "hashes": [
                "sha256:07009062406cffd554a9b4135cd2ff167c9bf6b7aac61fe946c93e69fad1bbd8",
                "sha256:8f95bb7e6edbb2456a51a1fb58c8dca942024b4f5844cae62c90aa88afe6e300"
            ],
            "version": "==2.7.0"
        },
        "python-editor": {
            "hashes": [
                "sha256:a3c066acee22a1c94f63938341d4fb374e3fdd69366ed6603d7b24bed1efc565"
            ],
            "version": "==1.0.3"
        },
        "python-telegram-bot": {
            "hashes": [
                "sha256:580390d75a63706647962556bab69c7313bee1438411288c37f545e421498e6c",
                "sha256:caa89c0eb1e5284ec0d02d6a9a4d6dc1b7db356c16fcde0a4472c4613b742c6e"
            ],
            "version": "==10.0.1"
        },
        "six": {
            "hashes": [
                "sha256:70e8a77beed4562e7f14fe23a786b54f6296e34344c23bc42f07b15018ff98e9",
                "sha256:832dc0e10feb1aa2c68dcc57dbb658f1c7e65b9b61af69048abc87a2db00a0eb"
            ],
            "version": "==1.11.0"
        },
        "sqlalchemy": {
            "hashes": [
                "sha256:249000654107a420a40200f1e0b555a79dfd4eff235b2ff60bc77714bd045f2d"
            ],
            "version": "==1.2.5"
        }
    },
    "develop": {}
}
